// !$*UTF8*$!
{
	archiveVersion = 1;
	classes = {
	};
	objectVersion = 46;
	objects = {

/* Begin PBXBuildFile section */
		E60DBBE915D2EDCD00441AFD /* CCBigImage.h in Headers */ = {isa = PBXBuildFile; fileRef = E60DBBC215D2EDCD00441AFD /* CCBigImage.h */; };
		E60DBBEA15D2EDCD00441AFD /* CCTextureCache+CCBigImageExtensions.h in Headers */ = {isa = PBXBuildFile; fileRef = E60DBBC315D2EDCD00441AFD /* CCTextureCache+CCBigImageExtensions.h */; };
		E60DBBEB15D2EDCD00441AFD /* CCLayerPanZoom.h in Headers */ = {isa = PBXBuildFile; fileRef = E60DBBC615D2EDCD00441AFD /* CCLayerPanZoom.h */; };
		E60DBBEC15D2EDCD00441AFD /* CCMenuAdvanced.h in Headers */ = {isa = PBXBuildFile; fileRef = E60DBBC915D2EDCD00441AFD /* CCMenuAdvanced.h */; };
		E60DBBED15D2EDCD00441AFD /* CCMenuItemSpriteIndependent.h in Headers */ = {isa = PBXBuildFile; fileRef = E60DBBCC15D2EDCD00441AFD /* CCMenuItemSpriteIndependent.h */; };
		E60DBBEE15D2EDCD00441AFD /* CCScrollLayer.h in Headers */ = {isa = PBXBuildFile; fileRef = E60DBBCF15D2EDCD00441AFD /* CCScrollLayer.h */; };
		E60DBBEF15D2EDCD00441AFD /* CCSendMessages.h in Headers */ = {isa = PBXBuildFile; fileRef = E60DBBD215D2EDCD00441AFD /* CCSendMessages.h */; };
		E60DBBF015D2EDCD00441AFD /* CCSlider.h in Headers */ = {isa = PBXBuildFile; fileRef = E60DBBD515D2EDCD00441AFD /* CCSlider.h */; };
		E60DBBF115D2EDCD00441AFD /* CCVideoPlayer.h in Headers */ = {isa = PBXBuildFile; fileRef = E60DBBD815D2EDCD00441AFD /* CCVideoPlayer.h */; };
		E60DBBF215D2EDCD00441AFD /* CCVideoPlayerImpliOS.h in Headers */ = {isa = PBXBuildFile; fileRef = E60DBBDA15D2EDCD00441AFD /* CCVideoPlayerImpliOS.h */; };
		E60DBBF315D2EDCD00441AFD /* videoOverlayView.h in Headers */ = {isa = PBXBuildFile; fileRef = E60DBBDB15D2EDCD00441AFD /* videoOverlayView.h */; };
		E60DBBF415D2EDCD00441AFD /* CCVideoPlayerImplMac.h in Headers */ = {isa = PBXBuildFile; fileRef = E60DBBDD15D2EDCD00441AFD /* CCVideoPlayerImplMac.h */; };
		E60DBBF515D2EDCD00441AFD /* MyMovieView.h in Headers */ = {isa = PBXBuildFile; fileRef = E60DBBDE15D2EDCD00441AFD /* MyMovieView.h */; };
		E60DBBF615D2EDCD00441AFD /* FilesDownloader.h in Headers */ = {isa = PBXBuildFile; fileRef = E60DBBE115D2EDCD00441AFD /* FilesDownloader.h */; };
		E60DBBF715D2EDCD00441AFD /* SingleFileDownloader.h in Headers */ = {isa = PBXBuildFile; fileRef = E60DBBE315D2EDCD00441AFD /* SingleFileDownloader.h */; };
		E60DBBF815D2EDCD00441AFD /* cencode.h in Headers */ = {isa = PBXBuildFile; fileRef = E60DBBE515D2EDCD00441AFD /* cencode.h */; };
		E60DBBF915D2EDCD00441AFD /* LFCGzipUtility.h in Headers */ = {isa = PBXBuildFile; fileRef = E60DBBE615D2EDCD00441AFD /* LFCGzipUtility.h */; };
		E60DBBFA15D2EDCD00441AFD /* TMXGenerator.h in Headers */ = {isa = PBXBuildFile; fileRef = E60DBBE815D2EDCD00441AFD /* TMXGenerator.h */; };
		E60DBC1B15D2EDE300441AFD /* CCBigImage.m in Sources */ = {isa = PBXBuildFile; fileRef = E60DBBFD15D2EDE300441AFD /* CCBigImage.m */; };
		E60DBC1C15D2EDE300441AFD /* CCTextureCache+CCBigImageExtensions.m in Sources */ = {isa = PBXBuildFile; fileRef = E60DBBFE15D2EDE300441AFD /* CCTextureCache+CCBigImageExtensions.m */; };
		E60DBC1D15D2EDE300441AFD /* CCLayerPanZoom.m in Sources */ = {isa = PBXBuildFile; fileRef = E60DBC0015D2EDE300441AFD /* CCLayerPanZoom.m */; };
		E60DBC1E15D2EDE300441AFD /* CCMenuAdvanced.m in Sources */ = {isa = PBXBuildFile; fileRef = E60DBC0215D2EDE300441AFD /* CCMenuAdvanced.m */; };
		E60DBC1F15D2EDE300441AFD /* CCMenuItemSpriteIndependent.m in Sources */ = {isa = PBXBuildFile; fileRef = E60DBC0415D2EDE300441AFD /* CCMenuItemSpriteIndependent.m */; };
		E60DBC2015D2EDE300441AFD /* CCScrollLayer.m in Sources */ = {isa = PBXBuildFile; fileRef = E60DBC0615D2EDE300441AFD /* CCScrollLayer.m */; };
		E60DBC2115D2EDE300441AFD /* CCSendMessages.m in Sources */ = {isa = PBXBuildFile; fileRef = E60DBC0815D2EDE300441AFD /* CCSendMessages.m */; };
		E60DBC2215D2EDE300441AFD /* CCSlider.m in Sources */ = {isa = PBXBuildFile; fileRef = E60DBC0A15D2EDE300441AFD /* CCSlider.m */; };
		E60DBC2315D2EDE300441AFD /* CCVideoPlayer.m in Sources */ = {isa = PBXBuildFile; fileRef = E60DBC0C15D2EDE300441AFD /* CCVideoPlayer.m */; };
		E60DBC2415D2EDE300441AFD /* CCVideoPlayerImpliOS.m in Sources */ = {isa = PBXBuildFile; fileRef = E60DBC0E15D2EDE300441AFD /* CCVideoPlayerImpliOS.m */; };
		E60DBC2515D2EDE300441AFD /* videoOverlayView.m in Sources */ = {isa = PBXBuildFile; fileRef = E60DBC0F15D2EDE300441AFD /* videoOverlayView.m */; };
		E60DBC2615D2EDE300441AFD /* CCVideoPlayerImplMac.m in Sources */ = {isa = PBXBuildFile; fileRef = E60DBC1115D2EDE300441AFD /* CCVideoPlayerImplMac.m */; };
		E60DBC2715D2EDE300441AFD /* MyMovieView.m in Sources */ = {isa = PBXBuildFile; fileRef = E60DBC1315D2EDE300441AFD /* MyMovieView.m */; };
		E60DBC2815D2EDE300441AFD /* FilesDownloader.m in Sources */ = {isa = PBXBuildFile; fileRef = E60DBC1515D2EDE300441AFD /* FilesDownloader.m */; };
		E60DBC2915D2EDE300441AFD /* SingleFileDownloader.m in Sources */ = {isa = PBXBuildFile; fileRef = E60DBC1615D2EDE300441AFD /* SingleFileDownloader.m */; };
		E60DBC2A15D2EDE300441AFD /* cencode.c in Sources */ = {isa = PBXBuildFile; fileRef = E60DBC1815D2EDE300441AFD /* cencode.c */; };
		E60DBC2B15D2EDE300441AFD /* LFCGzipUtility.m in Sources */ = {isa = PBXBuildFile; fileRef = E60DBC1915D2EDE300441AFD /* LFCGzipUtility.m */; };
		E60DBC2C15D2EDE300441AFD /* TMXGenerator.m in Sources */ = {isa = PBXBuildFile; fileRef = E60DBC1A15D2EDE300441AFD /* TMXGenerator.m */; };
		E60E6A9914E144B6002902D2 /* Foundation.framework in Frameworks */ = {isa = PBXBuildFile; fileRef = E60E6A9814E144B6002902D2 /* Foundation.framework */; };
		E60E6AF014E151E7002902D2 /* CoreGraphics.framework in Frameworks */ = {isa = PBXBuildFile; fileRef = E60E6AEF14E151E7002902D2 /* CoreGraphics.framework */; };
		E61D6B4014E1660800CE9BEA /* CocosTools-Prefix.pch in Headers */ = {isa = PBXBuildFile; fileRef = E61D6B2A14E1660800CE9BEA /* CocosTools-Prefix.pch */; };
		E61D6B4214E1660800CE9BEA /* CCDraggableSprite.h in Headers */ = {isa = PBXBuildFile; fileRef = E61D6B2D14E1660800CE9BEA /* CCDraggableSprite.h */; };
		E61D6B4414E1660800CE9BEA /* CCSpriteExtended.h in Headers */ = {isa = PBXBuildFile; fileRef = E61D6B2F14E1660800CE9BEA /* CCSpriteExtended.h */; };
		E61D6B4514E1660800CE9BEA /* CCSpriteExtensions.h in Headers */ = {isa = PBXBuildFile; fileRef = E61D6B3014E1660800CE9BEA /* CCSpriteExtensions.h */; };
		E61D6B4714E1660800CE9BEA /* TestLoaderScene.h in Headers */ = {isa = PBXBuildFile; fileRef = E61D6B3214E1660800CE9BEA /* TestLoaderScene.h */; };
		E61D6B4814E1660800CE9BEA /* MusicManager.h in Headers */ = {isa = PBXBuildFile; fileRef = E61D6B3314E1660800CE9BEA /* MusicManager.h */; };
		E61D6B4914E1660800CE9BEA /* PhysicsSystem.h in Headers */ = {isa = PBXBuildFile; fileRef = E61D6B3414E1660800CE9BEA /* PhysicsSystem.h */; };
		E61D6B4A14E1660800CE9BEA /* WorldPhysics.h in Headers */ = {isa = PBXBuildFile; fileRef = E61D6B3514E1660800CE9BEA /* WorldPhysics.h */; };
		E61D6B4C14E1660800CE9BEA /* CCDraggableSprite.mm in Sources */ = {isa = PBXBuildFile; fileRef = E61D6B3814E1660800CE9BEA /* CCDraggableSprite.mm */; };
		E61D6B4E14E1660800CE9BEA /* CCSpriteExtended.mm in Sources */ = {isa = PBXBuildFile; fileRef = E61D6B3A14E1660800CE9BEA /* CCSpriteExtended.mm */; };
		E61D6B4F14E1660800CE9BEA /* CCSpriteExtension.m in Sources */ = {isa = PBXBuildFile; fileRef = E61D6B3B14E1660800CE9BEA /* CCSpriteExtension.m */; };
		E61D6B5014E1660800CE9BEA /* TestLoaderScene.mm in Sources */ = {isa = PBXBuildFile; fileRef = E61D6B3C14E1660800CE9BEA /* TestLoaderScene.mm */; };
		E61D6B5114E1660800CE9BEA /* MusicManager.m in Sources */ = {isa = PBXBuildFile; fileRef = E61D6B3D14E1660800CE9BEA /* MusicManager.m */; };
		E61D6B5214E1660800CE9BEA /* PhysicsSystem.mm in Sources */ = {isa = PBXBuildFile; fileRef = E61D6B3E14E1660800CE9BEA /* PhysicsSystem.mm */; };
		E61D6B5314E1660800CE9BEA /* WorldPhysics.mm in Sources */ = {isa = PBXBuildFile; fileRef = E61D6B3F14E1660800CE9BEA /* WorldPhysics.mm */; };
		E63AC75314FE26010011B466 /* ColoredCircleSprite.h in Headers */ = {isa = PBXBuildFile; fileRef = E63AC74F14FE26010011B466 /* ColoredCircleSprite.h */; };
		E63AC75414FE26010011B466 /* ColoredSquareSprite.h in Headers */ = {isa = PBXBuildFile; fileRef = E63AC75014FE26010011B466 /* ColoredSquareSprite.h */; };
		E63AC75514FE26010011B466 /* SneakyButton.h in Headers */ = {isa = PBXBuildFile; fileRef = E63AC75114FE26010011B466 /* SneakyButton.h */; };
		E63AC75614FE26010011B466 /* SneakyButtonSkinnedBase.h in Headers */ = {isa = PBXBuildFile; fileRef = E63AC75214FE26010011B466 /* SneakyButtonSkinnedBase.h */; };
		E63AC75C14FE261E0011B466 /* ColoredCircleSprite.m in Sources */ = {isa = PBXBuildFile; fileRef = E63AC75814FE261E0011B466 /* ColoredCircleSprite.m */; };
		E63AC75D14FE261E0011B466 /* ColoredSquareSprite.m in Sources */ = {isa = PBXBuildFile; fileRef = E63AC75914FE261E0011B466 /* ColoredSquareSprite.m */; };
		E63AC75E14FE261E0011B466 /* SneakyButton.m in Sources */ = {isa = PBXBuildFile; fileRef = E63AC75A14FE261E0011B466 /* SneakyButton.m */; };
		E63AC75F14FE261E0011B466 /* SneakyButtonSkinnedBase.m in Sources */ = {isa = PBXBuildFile; fileRef = E63AC75B14FE261E0011B466 /* SneakyButtonSkinnedBase.m */; };
		E63D247B14ECFB3C0051E34E /* UISprite.mm in Sources */ = {isa = PBXBuildFile; fileRef = E63D247914ECFB3C0051E34E /* UISprite.mm */; };
		E63D247E14ECFBBB0051E34E /* UISprite.h in Headers */ = {isa = PBXBuildFile; fileRef = E63D247D14ECFBBB0051E34E /* UISprite.h */; };
		E648234714FB92D600F5B719 /* CCControlExtension.h in Headers */ = {isa = PBXBuildFile; fileRef = E648234614FB92D600F5B719 /* CCControlExtension.h */; };
		E648235414FB92E700F5B719 /* CCControl.h in Headers */ = {isa = PBXBuildFile; fileRef = E648234A14FB92E700F5B719 /* CCControl.h */; };
		E648235514FB92E700F5B719 /* CCControlButton.h in Headers */ = {isa = PBXBuildFile; fileRef = E648234B14FB92E700F5B719 /* CCControlButton.h */; };
		E648235614FB92E700F5B719 /* CCControlColourPicker.h in Headers */ = {isa = PBXBuildFile; fileRef = E648234C14FB92E700F5B719 /* CCControlColourPicker.h */; };
		E648235714FB92E700F5B719 /* CCControlHuePicker.h in Headers */ = {isa = PBXBuildFile; fileRef = E648234D14FB92E700F5B719 /* CCControlHuePicker.h */; };
		E648235814FB92E700F5B719 /* CCControlSaturationBrightnessPicker.h in Headers */ = {isa = PBXBuildFile; fileRef = E648234E14FB92E700F5B719 /* CCControlSaturationBrightnessPicker.h */; };
		E648235914FB92E700F5B719 /* CCControlSlider.h in Headers */ = {isa = PBXBuildFile; fileRef = E648234F14FB92E700F5B719 /* CCControlSlider.h */; };
		E648235A14FB92E700F5B719 /* CCColourUtils.h in Headers */ = {isa = PBXBuildFile; fileRef = E648235114FB92E700F5B719 /* CCColourUtils.h */; };
		E648235B14FB92E700F5B719 /* CCScale9Sprite.h in Headers */ = {isa = PBXBuildFile; fileRef = E648235214FB92E700F5B719 /* CCScale9Sprite.h */; };
		E648235C14FB92E700F5B719 /* Utils.h in Headers */ = {isa = PBXBuildFile; fileRef = E648235314FB92E700F5B719 /* Utils.h */; };
		E648236A14FB936700F5B719 /* CCControl.m in Sources */ = {isa = PBXBuildFile; fileRef = E648236014FB936700F5B719 /* CCControl.m */; };
		E648236B14FB936700F5B719 /* CCControlButton.m in Sources */ = {isa = PBXBuildFile; fileRef = E648236114FB936700F5B719 /* CCControlButton.m */; };
		E648236C14FB936700F5B719 /* CCControlColourPicker.m in Sources */ = {isa = PBXBuildFile; fileRef = E648236214FB936700F5B719 /* CCControlColourPicker.m */; };
		E648236D14FB936700F5B719 /* CCControlHuePicker.m in Sources */ = {isa = PBXBuildFile; fileRef = E648236314FB936700F5B719 /* CCControlHuePicker.m */; };
		E648236E14FB936700F5B719 /* CCControlSaturationBrightnessPicker.m in Sources */ = {isa = PBXBuildFile; fileRef = E648236414FB936700F5B719 /* CCControlSaturationBrightnessPicker.m */; };
		E648236F14FB936700F5B719 /* CCControlSlider.m in Sources */ = {isa = PBXBuildFile; fileRef = E648236514FB936700F5B719 /* CCControlSlider.m */; };
		E648237014FB936700F5B719 /* CCColourUtils.m in Sources */ = {isa = PBXBuildFile; fileRef = E648236714FB936700F5B719 /* CCColourUtils.m */; };
		E648237114FB936700F5B719 /* CCScale9Sprite.m in Sources */ = {isa = PBXBuildFile; fileRef = E648236814FB936700F5B719 /* CCScale9Sprite.m */; };
		E648237214FB936700F5B719 /* Utils.m in Sources */ = {isa = PBXBuildFile; fileRef = E648236914FB936700F5B719 /* Utils.m */; };
		E656ED6F14E9403F0022A75F /* CCBlade.h in Headers */ = {isa = PBXBuildFile; fileRef = E656ED6D14E9403F0022A75F /* CCBlade.h */; };
		E656ED7214E940E10022A75F /* CCBlade.mm in Sources */ = {isa = PBXBuildFile; fileRef = E656ED7114E940E10022A75F /* CCBlade.mm */; };
		E6A7C86B15CFB6AB00ACC440 /* CameraLayer.h in Headers */ = {isa = PBXBuildFile; fileRef = E6A7C86A15CFB6AB00ACC440 /* CameraLayer.h */; };
		E6A7C8A315CFBB9200ACC440 /* CCSpriteScale9.m in Sources */ = {isa = PBXBuildFile; fileRef = E6A7C8A215CFBB9200ACC440 /* CCSpriteScale9.m */; };
		E6A7C8DA15CFC11F00ACC440 /* TextBoxLayer.m in Sources */ = {isa = PBXBuildFile; fileRef = E6A7C8D815CFC11F00ACC440 /* TextBoxLayer.m */; };
		E6A7C8DB15CFC11F00ACC440 /* TextBoxView.m in Sources */ = {isa = PBXBuildFile; fileRef = E6A7C8D915CFC11F00ACC440 /* TextBoxView.m */; };
		E6A7C8DF15CFC13000ACC440 /* TextBox.h in Headers */ = {isa = PBXBuildFile; fileRef = E6A7C8DC15CFC13000ACC440 /* TextBox.h */; };
		E6A7C8E015CFC13000ACC440 /* TextBoxLayer.h in Headers */ = {isa = PBXBuildFile; fileRef = E6A7C8DD15CFC13000ACC440 /* TextBoxLayer.h */; };
		E6A7C8E115CFC13000ACC440 /* TextBoxView.h in Headers */ = {isa = PBXBuildFile; fileRef = E6A7C8DE15CFC13000ACC440 /* TextBoxView.h */; };
		E6A7C8E315CFC2FB00ACC440 /* CameraLayer.m in Sources */ = {isa = PBXBuildFile; fileRef = E6A7C8E215CFC2FB00ACC440 /* CameraLayer.m */; };
		E6A7C8EC15CFC3EC00ACC440 /* CCProgressBar.h in Headers */ = {isa = PBXBuildFile; fileRef = E6A7C8E715CFC3EC00ACC440 /* CCProgressBar.h */; };
		E6A7C8ED15CFC3EC00ACC440 /* CCSpriteHole.h in Headers */ = {isa = PBXBuildFile; fileRef = E6A7C8E815CFC3EC00ACC440 /* CCSpriteHole.h */; };
		E6A7C8EE15CFC3EC00ACC440 /* CCSpriteScale9.h in Headers */ = {isa = PBXBuildFile; fileRef = E6A7C8E915CFC3EC00ACC440 /* CCSpriteScale9.h */; };
		E6A7C8EF15CFC3EC00ACC440 /* Handy.h in Headers */ = {isa = PBXBuildFile; fileRef = E6A7C8EA15CFC3EC00ACC440 /* Handy.h */; };
		E6A7C8F415CFC40E00ACC440 /* CCProgressBar.m in Sources */ = {isa = PBXBuildFile; fileRef = E6A7C8F115CFC40E00ACC440 /* CCProgressBar.m */; };
		E6A7C8F515CFC40E00ACC440 /* CCSpriteHole.m in Sources */ = {isa = PBXBuildFile; fileRef = E6A7C8F215CFC40E00ACC440 /* CCSpriteHole.m */; };
		E6A7C8F715CFC53200ACC440 /* OpenGLES.framework in Frameworks */ = {isa = PBXBuildFile; fileRef = E6A7C8F615CFC53200ACC440 /* OpenGLES.framework */; };
/* End PBXBuildFile section */

/* Begin PBXFileReference section */
		E60DBBC215D2EDCD00441AFD /* CCBigImage.h */ = {isa = PBXFileReference; fileEncoding = 4; lastKnownFileType = sourcecode.c.h; path = CCBigImage.h; sourceTree = "<group>"; };
		E60DBBC315D2EDCD00441AFD /* CCTextureCache+CCBigImageExtensions.h */ = {isa = PBXFileReference; fileEncoding = 4; lastKnownFileType = sourcecode.c.h; path = "CCTextureCache+CCBigImageExtensions.h"; sourceTree = "<group>"; };
		E60DBBC415D2EDCD00441AFD /* README.md */ = {isa = PBXFileReference; fileEncoding = 4; lastKnownFileType = text; path = README.md; sourceTree = "<group>"; };
		E60DBBC615D2EDCD00441AFD /* CCLayerPanZoom.h */ = {isa = PBXFileReference; fileEncoding = 4; lastKnownFileType = sourcecode.c.h; path = CCLayerPanZoom.h; sourceTree = "<group>"; };
		E60DBBC715D2EDCD00441AFD /* README.md */ = {isa = PBXFileReference; fileEncoding = 4; lastKnownFileType = text; path = README.md; sourceTree = "<group>"; };
		E60DBBC915D2EDCD00441AFD /* CCMenuAdvanced.h */ = {isa = PBXFileReference; fileEncoding = 4; lastKnownFileType = sourcecode.c.h; path = CCMenuAdvanced.h; sourceTree = "<group>"; };
		E60DBBCA15D2EDCD00441AFD /* README.md */ = {isa = PBXFileReference; fileEncoding = 4; lastKnownFileType = text; path = README.md; sourceTree = "<group>"; };
		E60DBBCC15D2EDCD00441AFD /* CCMenuItemSpriteIndependent.h */ = {isa = PBXFileReference; fileEncoding = 4; lastKnownFileType = sourcecode.c.h; path = CCMenuItemSpriteIndependent.h; sourceTree = "<group>"; };
		E60DBBCD15D2EDCD00441AFD /* README.md */ = {isa = PBXFileReference; fileEncoding = 4; lastKnownFileType = text; path = README.md; sourceTree = "<group>"; };
		E60DBBCF15D2EDCD00441AFD /* CCScrollLayer.h */ = {isa = PBXFileReference; fileEncoding = 4; lastKnownFileType = sourcecode.c.h; path = CCScrollLayer.h; sourceTree = "<group>"; };
		E60DBBD015D2EDCD00441AFD /* README.md */ = {isa = PBXFileReference; fileEncoding = 4; lastKnownFileType = text; path = README.md; sourceTree = "<group>"; };
		E60DBBD215D2EDCD00441AFD /* CCSendMessages.h */ = {isa = PBXFileReference; fileEncoding = 4; lastKnownFileType = sourcecode.c.h; path = CCSendMessages.h; sourceTree = "<group>"; };
		E60DBBD315D2EDCD00441AFD /* README.md */ = {isa = PBXFileReference; fileEncoding = 4; lastKnownFileType = text; path = README.md; sourceTree = "<group>"; };
		E60DBBD515D2EDCD00441AFD /* CCSlider.h */ = {isa = PBXFileReference; fileEncoding = 4; lastKnownFileType = sourcecode.c.h; path = CCSlider.h; sourceTree = "<group>"; };
		E60DBBD615D2EDCD00441AFD /* README.md */ = {isa = PBXFileReference; fileEncoding = 4; lastKnownFileType = text; path = README.md; sourceTree = "<group>"; };
		E60DBBD815D2EDCD00441AFD /* CCVideoPlayer.h */ = {isa = PBXFileReference; fileEncoding = 4; lastKnownFileType = sourcecode.c.h; path = CCVideoPlayer.h; sourceTree = "<group>"; };
		E60DBBDA15D2EDCD00441AFD /* CCVideoPlayerImpliOS.h */ = {isa = PBXFileReference; fileEncoding = 4; lastKnownFileType = sourcecode.c.h; path = CCVideoPlayerImpliOS.h; sourceTree = "<group>"; };
		E60DBBDB15D2EDCD00441AFD /* videoOverlayView.h */ = {isa = PBXFileReference; fileEncoding = 4; lastKnownFileType = sourcecode.c.h; path = videoOverlayView.h; sourceTree = "<group>"; };
		E60DBBDD15D2EDCD00441AFD /* CCVideoPlayerImplMac.h */ = {isa = PBXFileReference; fileEncoding = 4; lastKnownFileType = sourcecode.c.h; path = CCVideoPlayerImplMac.h; sourceTree = "<group>"; };
		E60DBBDE15D2EDCD00441AFD /* MyMovieView.h */ = {isa = PBXFileReference; fileEncoding = 4; lastKnownFileType = sourcecode.c.h; path = MyMovieView.h; sourceTree = "<group>"; };
		E60DBBDF15D2EDCD00441AFD /* README.md */ = {isa = PBXFileReference; fileEncoding = 4; lastKnownFileType = text; path = README.md; sourceTree = "<group>"; };
		E60DBBE115D2EDCD00441AFD /* FilesDownloader.h */ = {isa = PBXFileReference; fileEncoding = 4; lastKnownFileType = sourcecode.c.h; path = FilesDownloader.h; sourceTree = "<group>"; };
		E60DBBE215D2EDCD00441AFD /* README.md */ = {isa = PBXFileReference; fileEncoding = 4; lastKnownFileType = text; path = README.md; sourceTree = "<group>"; };
		E60DBBE315D2EDCD00441AFD /* SingleFileDownloader.h */ = {isa = PBXFileReference; fileEncoding = 4; lastKnownFileType = sourcecode.c.h; path = SingleFileDownloader.h; sourceTree = "<group>"; };
		E60DBBE515D2EDCD00441AFD /* cencode.h */ = {isa = PBXFileReference; fileEncoding = 4; lastKnownFileType = sourcecode.c.h; path = cencode.h; sourceTree = "<group>"; };
		E60DBBE615D2EDCD00441AFD /* LFCGzipUtility.h */ = {isa = PBXFileReference; fileEncoding = 4; lastKnownFileType = sourcecode.c.h; path = LFCGzipUtility.h; sourceTree = "<group>"; };
		E60DBBE715D2EDCD00441AFD /* README.md */ = {isa = PBXFileReference; fileEncoding = 4; lastKnownFileType = text; path = README.md; sourceTree = "<group>"; };
		E60DBBE815D2EDCD00441AFD /* TMXGenerator.h */ = {isa = PBXFileReference; fileEncoding = 4; lastKnownFileType = sourcecode.c.h; path = TMXGenerator.h; sourceTree = "<group>"; };
		E60DBBFD15D2EDE300441AFD /* CCBigImage.m */ = {isa = PBXFileReference; fileEncoding = 4; lastKnownFileType = sourcecode.c.objc; path = CCBigImage.m; sourceTree = "<group>"; };
		E60DBBFE15D2EDE300441AFD /* CCTextureCache+CCBigImageExtensions.m */ = {isa = PBXFileReference; fileEncoding = 4; lastKnownFileType = sourcecode.c.objc; path = "CCTextureCache+CCBigImageExtensions.m"; sourceTree = "<group>"; };
		E60DBC0015D2EDE300441AFD /* CCLayerPanZoom.m */ = {isa = PBXFileReference; fileEncoding = 4; lastKnownFileType = sourcecode.c.objc; path = CCLayerPanZoom.m; sourceTree = "<group>"; };
		E60DBC0215D2EDE300441AFD /* CCMenuAdvanced.m */ = {isa = PBXFileReference; fileEncoding = 4; lastKnownFileType = sourcecode.c.objc; path = CCMenuAdvanced.m; sourceTree = "<group>"; };
		E60DBC0415D2EDE300441AFD /* CCMenuItemSpriteIndependent.m */ = {isa = PBXFileReference; fileEncoding = 4; lastKnownFileType = sourcecode.c.objc; path = CCMenuItemSpriteIndependent.m; sourceTree = "<group>"; };
		E60DBC0615D2EDE300441AFD /* CCScrollLayer.m */ = {isa = PBXFileReference; fileEncoding = 4; lastKnownFileType = sourcecode.c.objc; path = CCScrollLayer.m; sourceTree = "<group>"; };
		E60DBC0815D2EDE300441AFD /* CCSendMessages.m */ = {isa = PBXFileReference; fileEncoding = 4; lastKnownFileType = sourcecode.c.objc; path = CCSendMessages.m; sourceTree = "<group>"; };
		E60DBC0A15D2EDE300441AFD /* CCSlider.m */ = {isa = PBXFileReference; fileEncoding = 4; lastKnownFileType = sourcecode.c.objc; path = CCSlider.m; sourceTree = "<group>"; };
		E60DBC0C15D2EDE300441AFD /* CCVideoPlayer.m */ = {isa = PBXFileReference; fileEncoding = 4; lastKnownFileType = sourcecode.c.objc; path = CCVideoPlayer.m; sourceTree = "<group>"; };
		E60DBC0E15D2EDE300441AFD /* CCVideoPlayerImpliOS.m */ = {isa = PBXFileReference; fileEncoding = 4; lastKnownFileType = sourcecode.c.objc; path = CCVideoPlayerImpliOS.m; sourceTree = "<group>"; };
		E60DBC0F15D2EDE300441AFD /* videoOverlayView.m */ = {isa = PBXFileReference; fileEncoding = 4; lastKnownFileType = sourcecode.c.objc; path = videoOverlayView.m; sourceTree = "<group>"; };
		E60DBC1115D2EDE300441AFD /* CCVideoPlayerImplMac.m */ = {isa = PBXFileReference; fileEncoding = 4; lastKnownFileType = sourcecode.c.objc; path = CCVideoPlayerImplMac.m; sourceTree = "<group>"; };
		E60DBC1215D2EDE300441AFD /* CustomVideoView.nib */ = {isa = PBXFileReference; lastKnownFileType = wrapper.nib; path = CustomVideoView.nib; sourceTree = "<group>"; };
		E60DBC1315D2EDE300441AFD /* MyMovieView.m */ = {isa = PBXFileReference; fileEncoding = 4; lastKnownFileType = sourcecode.c.objc; path = MyMovieView.m; sourceTree = "<group>"; };
		E60DBC1515D2EDE300441AFD /* FilesDownloader.m */ = {isa = PBXFileReference; fileEncoding = 4; lastKnownFileType = sourcecode.c.objc; path = FilesDownloader.m; sourceTree = "<group>"; };
		E60DBC1615D2EDE300441AFD /* SingleFileDownloader.m */ = {isa = PBXFileReference; fileEncoding = 4; lastKnownFileType = sourcecode.c.objc; path = SingleFileDownloader.m; sourceTree = "<group>"; };
		E60DBC1815D2EDE300441AFD /* cencode.c */ = {isa = PBXFileReference; explicitFileType = sourcecode.c.objc; fileEncoding = 4; path = cencode.c; sourceTree = "<group>"; };
		E60DBC1915D2EDE300441AFD /* LFCGzipUtility.m */ = {isa = PBXFileReference; fileEncoding = 4; lastKnownFileType = sourcecode.c.objc; path = LFCGzipUtility.m; sourceTree = "<group>"; };
		E60DBC1A15D2EDE300441AFD /* TMXGenerator.m */ = {isa = PBXFileReference; fileEncoding = 4; lastKnownFileType = sourcecode.c.objc; path = TMXGenerator.m; sourceTree = "<group>"; };
		E60E6A9514E144B6002902D2 /* libCocosTools.a */ = {isa = PBXFileReference; explicitFileType = archive.ar; includeInIndex = 0; path = libCocosTools.a; sourceTree = BUILT_PRODUCTS_DIR; };
		E60E6A9814E144B6002902D2 /* Foundation.framework */ = {isa = PBXFileReference; lastKnownFileType = wrapper.framework; name = Foundation.framework; path = System/Library/Frameworks/Foundation.framework; sourceTree = SDKROOT; };
		E60E6AAC14E144F8002902D2 /* libCocosTools_script.a */ = {isa = PBXFileReference; explicitFileType = archive.ar; includeInIndex = 0; path = libCocosTools_script.a; sourceTree = BUILT_PRODUCTS_DIR; };
		E60E6AEF14E151E7002902D2 /* CoreGraphics.framework */ = {isa = PBXFileReference; lastKnownFileType = wrapper.framework; name = CoreGraphics.framework; path = System/Library/Frameworks/CoreGraphics.framework; sourceTree = SDKROOT; };
		E60E6AF114E15237002902D2 /* CoreGraphics.framework */ = {isa = PBXFileReference; lastKnownFileType = wrapper.framework; name = CoreGraphics.framework; path = System/Library/Frameworks/CoreGraphics.framework; sourceTree = SDKROOT; };
		E61D6B2A14E1660800CE9BEA /* CocosTools-Prefix.pch */ = {isa = PBXFileReference; fileEncoding = 4; lastKnownFileType = sourcecode.c.h; path = "CocosTools-Prefix.pch"; sourceTree = "<group>"; };
		E61D6B2D14E1660800CE9BEA /* CCDraggableSprite.h */ = {isa = PBXFileReference; fileEncoding = 4; lastKnownFileType = sourcecode.c.h; path = CCDraggableSprite.h; sourceTree = "<group>"; };
		E61D6B2F14E1660800CE9BEA /* CCSpriteExtended.h */ = {isa = PBXFileReference; fileEncoding = 4; lastKnownFileType = sourcecode.c.h; path = CCSpriteExtended.h; sourceTree = "<group>"; };
		E61D6B3014E1660800CE9BEA /* CCSpriteExtensions.h */ = {isa = PBXFileReference; fileEncoding = 4; lastKnownFileType = sourcecode.c.h; path = CCSpriteExtensions.h; sourceTree = "<group>"; };
		E61D6B3214E1660800CE9BEA /* TestLoaderScene.h */ = {isa = PBXFileReference; fileEncoding = 4; lastKnownFileType = sourcecode.c.h; path = TestLoaderScene.h; sourceTree = "<group>"; };
		E61D6B3314E1660800CE9BEA /* MusicManager.h */ = {isa = PBXFileReference; fileEncoding = 4; lastKnownFileType = sourcecode.c.h; path = MusicManager.h; sourceTree = "<group>"; };
		E61D6B3414E1660800CE9BEA /* PhysicsSystem.h */ = {isa = PBXFileReference; fileEncoding = 4; lastKnownFileType = sourcecode.c.h; path = PhysicsSystem.h; sourceTree = "<group>"; };
		E61D6B3514E1660800CE9BEA /* WorldPhysics.h */ = {isa = PBXFileReference; fileEncoding = 4; lastKnownFileType = sourcecode.c.h; path = WorldPhysics.h; sourceTree = "<group>"; };
		E61D6B3814E1660800CE9BEA /* CCDraggableSprite.mm */ = {isa = PBXFileReference; fileEncoding = 4; lastKnownFileType = sourcecode.cpp.objcpp; path = CCDraggableSprite.mm; sourceTree = "<group>"; };
		E61D6B3A14E1660800CE9BEA /* CCSpriteExtended.mm */ = {isa = PBXFileReference; fileEncoding = 4; lastKnownFileType = sourcecode.cpp.objcpp; path = CCSpriteExtended.mm; sourceTree = "<group>"; };
		E61D6B3B14E1660800CE9BEA /* CCSpriteExtension.m */ = {isa = PBXFileReference; fileEncoding = 4; lastKnownFileType = sourcecode.c.objc; path = CCSpriteExtension.m; sourceTree = "<group>"; };
		E61D6B3C14E1660800CE9BEA /* TestLoaderScene.mm */ = {isa = PBXFileReference; fileEncoding = 4; lastKnownFileType = sourcecode.cpp.objcpp; path = TestLoaderScene.mm; sourceTree = "<group>"; };
		E61D6B3D14E1660800CE9BEA /* MusicManager.m */ = {isa = PBXFileReference; fileEncoding = 4; lastKnownFileType = sourcecode.c.objc; path = MusicManager.m; sourceTree = "<group>"; };
		E61D6B3E14E1660800CE9BEA /* PhysicsSystem.mm */ = {isa = PBXFileReference; fileEncoding = 4; lastKnownFileType = sourcecode.cpp.objcpp; path = PhysicsSystem.mm; sourceTree = "<group>"; };
		E61D6B3F14E1660800CE9BEA /* WorldPhysics.mm */ = {isa = PBXFileReference; fileEncoding = 4; lastKnownFileType = sourcecode.cpp.objcpp; path = WorldPhysics.mm; sourceTree = "<group>"; };
		E63AC74F14FE26010011B466 /* ColoredCircleSprite.h */ = {isa = PBXFileReference; fileEncoding = 4; lastKnownFileType = sourcecode.c.h; path = ColoredCircleSprite.h; sourceTree = "<group>"; };
		E63AC75014FE26010011B466 /* ColoredSquareSprite.h */ = {isa = PBXFileReference; fileEncoding = 4; lastKnownFileType = sourcecode.c.h; path = ColoredSquareSprite.h; sourceTree = "<group>"; };
		E63AC75114FE26010011B466 /* SneakyButton.h */ = {isa = PBXFileReference; fileEncoding = 4; lastKnownFileType = sourcecode.c.h; path = SneakyButton.h; sourceTree = "<group>"; };
		E63AC75214FE26010011B466 /* SneakyButtonSkinnedBase.h */ = {isa = PBXFileReference; fileEncoding = 4; lastKnownFileType = sourcecode.c.h; path = SneakyButtonSkinnedBase.h; sourceTree = "<group>"; };
		E63AC75814FE261E0011B466 /* ColoredCircleSprite.m */ = {isa = PBXFileReference; fileEncoding = 4; lastKnownFileType = sourcecode.c.objc; path = ColoredCircleSprite.m; sourceTree = "<group>"; };
		E63AC75914FE261E0011B466 /* ColoredSquareSprite.m */ = {isa = PBXFileReference; fileEncoding = 4; lastKnownFileType = sourcecode.c.objc; path = ColoredSquareSprite.m; sourceTree = "<group>"; };
		E63AC75A14FE261E0011B466 /* SneakyButton.m */ = {isa = PBXFileReference; fileEncoding = 4; lastKnownFileType = sourcecode.c.objc; path = SneakyButton.m; sourceTree = "<group>"; };
		E63AC75B14FE261E0011B466 /* SneakyButtonSkinnedBase.m */ = {isa = PBXFileReference; fileEncoding = 4; lastKnownFileType = sourcecode.c.objc; path = SneakyButtonSkinnedBase.m; sourceTree = "<group>"; };
		E63D247914ECFB3C0051E34E /* UISprite.mm */ = {isa = PBXFileReference; fileEncoding = 4; lastKnownFileType = sourcecode.cpp.objcpp; path = UISprite.mm; sourceTree = "<group>"; };
		E63D247D14ECFBBB0051E34E /* UISprite.h */ = {isa = PBXFileReference; fileEncoding = 4; lastKnownFileType = sourcecode.c.h; path = UISprite.h; sourceTree = "<group>"; };
		E648234614FB92D600F5B719 /* CCControlExtension.h */ = {isa = PBXFileReference; fileEncoding = 4; lastKnownFileType = sourcecode.c.h; path = CCControlExtension.h; sourceTree = "<group>"; };
		E648234A14FB92E700F5B719 /* CCControl.h */ = {isa = PBXFileReference; fileEncoding = 4; lastKnownFileType = sourcecode.c.h; path = CCControl.h; sourceTree = "<group>"; };
		E648234B14FB92E700F5B719 /* CCControlButton.h */ = {isa = PBXFileReference; fileEncoding = 4; lastKnownFileType = sourcecode.c.h; path = CCControlButton.h; sourceTree = "<group>"; };
		E648234C14FB92E700F5B719 /* CCControlColourPicker.h */ = {isa = PBXFileReference; fileEncoding = 4; lastKnownFileType = sourcecode.c.h; path = CCControlColourPicker.h; sourceTree = "<group>"; };
		E648234D14FB92E700F5B719 /* CCControlHuePicker.h */ = {isa = PBXFileReference; fileEncoding = 4; lastKnownFileType = sourcecode.c.h; path = CCControlHuePicker.h; sourceTree = "<group>"; };
		E648234E14FB92E700F5B719 /* CCControlSaturationBrightnessPicker.h */ = {isa = PBXFileReference; fileEncoding = 4; lastKnownFileType = sourcecode.c.h; path = CCControlSaturationBrightnessPicker.h; sourceTree = "<group>"; };
		E648234F14FB92E700F5B719 /* CCControlSlider.h */ = {isa = PBXFileReference; fileEncoding = 4; lastKnownFileType = sourcecode.c.h; path = CCControlSlider.h; sourceTree = "<group>"; };
		E648235114FB92E700F5B719 /* CCColourUtils.h */ = {isa = PBXFileReference; fileEncoding = 4; lastKnownFileType = sourcecode.c.h; path = CCColourUtils.h; sourceTree = "<group>"; };
		E648235214FB92E700F5B719 /* CCScale9Sprite.h */ = {isa = PBXFileReference; fileEncoding = 4; lastKnownFileType = sourcecode.c.h; path = CCScale9Sprite.h; sourceTree = "<group>"; };
		E648235314FB92E700F5B719 /* Utils.h */ = {isa = PBXFileReference; fileEncoding = 4; lastKnownFileType = sourcecode.c.h; path = Utils.h; sourceTree = "<group>"; };
		E648236014FB936700F5B719 /* CCControl.m */ = {isa = PBXFileReference; fileEncoding = 4; lastKnownFileType = sourcecode.c.objc; path = CCControl.m; sourceTree = "<group>"; };
		E648236114FB936700F5B719 /* CCControlButton.m */ = {isa = PBXFileReference; fileEncoding = 4; lastKnownFileType = sourcecode.c.objc; path = CCControlButton.m; sourceTree = "<group>"; };
		E648236214FB936700F5B719 /* CCControlColourPicker.m */ = {isa = PBXFileReference; fileEncoding = 4; lastKnownFileType = sourcecode.c.objc; path = CCControlColourPicker.m; sourceTree = "<group>"; };
		E648236314FB936700F5B719 /* CCControlHuePicker.m */ = {isa = PBXFileReference; fileEncoding = 4; lastKnownFileType = sourcecode.c.objc; path = CCControlHuePicker.m; sourceTree = "<group>"; };
		E648236414FB936700F5B719 /* CCControlSaturationBrightnessPicker.m */ = {isa = PBXFileReference; fileEncoding = 4; lastKnownFileType = sourcecode.c.objc; path = CCControlSaturationBrightnessPicker.m; sourceTree = "<group>"; };
		E648236514FB936700F5B719 /* CCControlSlider.m */ = {isa = PBXFileReference; fileEncoding = 4; lastKnownFileType = sourcecode.c.objc; path = CCControlSlider.m; sourceTree = "<group>"; };
		E648236714FB936700F5B719 /* CCColourUtils.m */ = {isa = PBXFileReference; fileEncoding = 4; lastKnownFileType = sourcecode.c.objc; path = CCColourUtils.m; sourceTree = "<group>"; };
		E648236814FB936700F5B719 /* CCScale9Sprite.m */ = {isa = PBXFileReference; fileEncoding = 4; lastKnownFileType = sourcecode.c.objc; path = CCScale9Sprite.m; sourceTree = "<group>"; };
		E648236914FB936700F5B719 /* Utils.m */ = {isa = PBXFileReference; fileEncoding = 4; lastKnownFileType = sourcecode.c.objc; path = Utils.m; sourceTree = "<group>"; };
		E656ED6D14E9403F0022A75F /* CCBlade.h */ = {isa = PBXFileReference; fileEncoding = 4; lastKnownFileType = sourcecode.c.h; path = CCBlade.h; sourceTree = "<group>"; };
		E656ED7114E940E10022A75F /* CCBlade.mm */ = {isa = PBXFileReference; fileEncoding = 4; lastKnownFileType = sourcecode.cpp.objcpp; path = CCBlade.mm; sourceTree = "<group>"; };
		E6A7C86A15CFB6AB00ACC440 /* CameraLayer.h */ = {isa = PBXFileReference; fileEncoding = 4; lastKnownFileType = sourcecode.c.h; path = CameraLayer.h; sourceTree = "<group>"; };
		E6A7C8A215CFBB9200ACC440 /* CCSpriteScale9.m */ = {isa = PBXFileReference; fileEncoding = 4; lastKnownFileType = sourcecode.c.objc; path = CCSpriteScale9.m; sourceTree = "<group>"; };
		E6A7C8D815CFC11F00ACC440 /* TextBoxLayer.m */ = {isa = PBXFileReference; fileEncoding = 4; lastKnownFileType = sourcecode.c.objc; path = TextBoxLayer.m; sourceTree = "<group>"; };
		E6A7C8D915CFC11F00ACC440 /* TextBoxView.m */ = {isa = PBXFileReference; fileEncoding = 4; lastKnownFileType = sourcecode.c.objc; path = TextBoxView.m; sourceTree = "<group>"; };
		E6A7C8DC15CFC13000ACC440 /* TextBox.h */ = {isa = PBXFileReference; fileEncoding = 4; lastKnownFileType = sourcecode.c.h; path = TextBox.h; sourceTree = "<group>"; };
		E6A7C8DD15CFC13000ACC440 /* TextBoxLayer.h */ = {isa = PBXFileReference; fileEncoding = 4; lastKnownFileType = sourcecode.c.h; path = TextBoxLayer.h; sourceTree = "<group>"; };
		E6A7C8DE15CFC13000ACC440 /* TextBoxView.h */ = {isa = PBXFileReference; fileEncoding = 4; lastKnownFileType = sourcecode.c.h; path = TextBoxView.h; sourceTree = "<group>"; };
		E6A7C8E215CFC2FB00ACC440 /* CameraLayer.m */ = {isa = PBXFileReference; fileEncoding = 4; lastKnownFileType = sourcecode.c.objc; path = CameraLayer.m; sourceTree = "<group>"; };
		E6A7C8E715CFC3EC00ACC440 /* CCProgressBar.h */ = {isa = PBXFileReference; fileEncoding = 4; lastKnownFileType = sourcecode.c.h; path = CCProgressBar.h; sourceTree = "<group>"; };
		E6A7C8E815CFC3EC00ACC440 /* CCSpriteHole.h */ = {isa = PBXFileReference; fileEncoding = 4; lastKnownFileType = sourcecode.c.h; path = CCSpriteHole.h; sourceTree = "<group>"; };
		E6A7C8E915CFC3EC00ACC440 /* CCSpriteScale9.h */ = {isa = PBXFileReference; fileEncoding = 4; lastKnownFileType = sourcecode.c.h; path = CCSpriteScale9.h; sourceTree = "<group>"; };
		E6A7C8EA15CFC3EC00ACC440 /* Handy.h */ = {isa = PBXFileReference; fileEncoding = 4; lastKnownFileType = sourcecode.c.h; path = Handy.h; sourceTree = "<group>"; };
		E6A7C8F115CFC40E00ACC440 /* CCProgressBar.m */ = {isa = PBXFileReference; fileEncoding = 4; lastKnownFileType = sourcecode.c.objc; path = CCProgressBar.m; sourceTree = "<group>"; };
		E6A7C8F215CFC40E00ACC440 /* CCSpriteHole.m */ = {isa = PBXFileReference; fileEncoding = 4; lastKnownFileType = sourcecode.c.objc; path = CCSpriteHole.m; sourceTree = "<group>"; };
		E6A7C8F615CFC53200ACC440 /* OpenGLES.framework */ = {isa = PBXFileReference; lastKnownFileType = wrapper.framework; name = OpenGLES.framework; path = System/Library/Frameworks/OpenGLES.framework; sourceTree = SDKROOT; };
/* End PBXFileReference section */

/* Begin PBXFrameworksBuildPhase section */
		E60E6A9214E144B6002902D2 /* Frameworks */ = {
			isa = PBXFrameworksBuildPhase;
			buildActionMask = 2147483647;
			files = (
				E6A7C8F715CFC53200ACC440 /* OpenGLES.framework in Frameworks */,
				E60E6AF014E151E7002902D2 /* CoreGraphics.framework in Frameworks */,
				E60E6A9914E144B6002902D2 /* Foundation.framework in Frameworks */,
			);
			runOnlyForDeploymentPostprocessing = 0;
		};
/* End PBXFrameworksBuildPhase section */

/* Begin PBXGroup section */
		E60DBBC015D2EDCD00441AFD /* cocos2d-extensions-0.2.1 */ = {
			isa = PBXGroup;
			children = (
				E60DBBC115D2EDCD00441AFD /* CCBigImage */,
				E60DBBC515D2EDCD00441AFD /* CCLayerPanZoom */,
				E60DBBC815D2EDCD00441AFD /* CCMenuAdvanced */,
				E60DBBCB15D2EDCD00441AFD /* CCMenuItemSpriteIndependent */,
				E60DBBCE15D2EDCD00441AFD /* CCScrollLayer */,
				E60DBBD115D2EDCD00441AFD /* CCSendMessages */,
				E60DBBD415D2EDCD00441AFD /* CCSlider */,
				E60DBBD715D2EDCD00441AFD /* CCVideoPlayer */,
				E60DBBE015D2EDCD00441AFD /* FilesDownloader */,
				E60DBBE415D2EDCD00441AFD /* TMXGenerator */,
			);
			path = "cocos2d-extensions-0.2.1";
			sourceTree = "<group>";
		};
		E60DBBC115D2EDCD00441AFD /* CCBigImage */ = {
			isa = PBXGroup;
			children = (
				E60DBBC215D2EDCD00441AFD /* CCBigImage.h */,
				E60DBBC315D2EDCD00441AFD /* CCTextureCache+CCBigImageExtensions.h */,
				E60DBBC415D2EDCD00441AFD /* README.md */,
			);
			path = CCBigImage;
			sourceTree = "<group>";
		};
		E60DBBC515D2EDCD00441AFD /* CCLayerPanZoom */ = {
			isa = PBXGroup;
			children = (
				E60DBBC615D2EDCD00441AFD /* CCLayerPanZoom.h */,
				E60DBBC715D2EDCD00441AFD /* README.md */,
			);
			path = CCLayerPanZoom;
			sourceTree = "<group>";
		};
		E60DBBC815D2EDCD00441AFD /* CCMenuAdvanced */ = {
			isa = PBXGroup;
			children = (
				E60DBBC915D2EDCD00441AFD /* CCMenuAdvanced.h */,
				E60DBBCA15D2EDCD00441AFD /* README.md */,
			);
			path = CCMenuAdvanced;
			sourceTree = "<group>";
		};
		E60DBBCB15D2EDCD00441AFD /* CCMenuItemSpriteIndependent */ = {
			isa = PBXGroup;
			children = (
				E60DBBCC15D2EDCD00441AFD /* CCMenuItemSpriteIndependent.h */,
				E60DBBCD15D2EDCD00441AFD /* README.md */,
			);
			path = CCMenuItemSpriteIndependent;
			sourceTree = "<group>";
		};
		E60DBBCE15D2EDCD00441AFD /* CCScrollLayer */ = {
			isa = PBXGroup;
			children = (
				E60DBBCF15D2EDCD00441AFD /* CCScrollLayer.h */,
				E60DBBD015D2EDCD00441AFD /* README.md */,
			);
			path = CCScrollLayer;
			sourceTree = "<group>";
		};
		E60DBBD115D2EDCD00441AFD /* CCSendMessages */ = {
			isa = PBXGroup;
			children = (
				E60DBBD215D2EDCD00441AFD /* CCSendMessages.h */,
				E60DBBD315D2EDCD00441AFD /* README.md */,
			);
			path = CCSendMessages;
			sourceTree = "<group>";
		};
		E60DBBD415D2EDCD00441AFD /* CCSlider */ = {
			isa = PBXGroup;
			children = (
				E60DBBD515D2EDCD00441AFD /* CCSlider.h */,
				E60DBBD615D2EDCD00441AFD /* README.md */,
			);
			path = CCSlider;
			sourceTree = "<group>";
		};
		E60DBBD715D2EDCD00441AFD /* CCVideoPlayer */ = {
			isa = PBXGroup;
			children = (
				E60DBBD815D2EDCD00441AFD /* CCVideoPlayer.h */,
				E60DBBD915D2EDCD00441AFD /* iOS */,
				E60DBBDC15D2EDCD00441AFD /* Mac */,
				E60DBBDF15D2EDCD00441AFD /* README.md */,
			);
			path = CCVideoPlayer;
			sourceTree = "<group>";
		};
		E60DBBD915D2EDCD00441AFD /* iOS */ = {
			isa = PBXGroup;
			children = (
				E60DBBDA15D2EDCD00441AFD /* CCVideoPlayerImpliOS.h */,
				E60DBBDB15D2EDCD00441AFD /* videoOverlayView.h */,
			);
			path = iOS;
			sourceTree = "<group>";
		};
		E60DBBDC15D2EDCD00441AFD /* Mac */ = {
			isa = PBXGroup;
			children = (
				E60DBBDD15D2EDCD00441AFD /* CCVideoPlayerImplMac.h */,
				E60DBBDE15D2EDCD00441AFD /* MyMovieView.h */,
			);
			path = Mac;
			sourceTree = "<group>";
		};
		E60DBBE015D2EDCD00441AFD /* FilesDownloader */ = {
			isa = PBXGroup;
			children = (
				E60DBBE115D2EDCD00441AFD /* FilesDownloader.h */,
				E60DBBE215D2EDCD00441AFD /* README.md */,
				E60DBBE315D2EDCD00441AFD /* SingleFileDownloader.h */,
			);
			path = FilesDownloader;
			sourceTree = "<group>";
		};
		E60DBBE415D2EDCD00441AFD /* TMXGenerator */ = {
			isa = PBXGroup;
			children = (
				E60DBBE515D2EDCD00441AFD /* cencode.h */,
				E60DBBE615D2EDCD00441AFD /* LFCGzipUtility.h */,
				E60DBBE715D2EDCD00441AFD /* README.md */,
				E60DBBE815D2EDCD00441AFD /* TMXGenerator.h */,
			);
			path = TMXGenerator;
			sourceTree = "<group>";
		};
		E60DBBFB15D2EDE300441AFD /* cocos2d-extensions-0.2.1 */ = {
			isa = PBXGroup;
			children = (
				E60DBBFC15D2EDE300441AFD /* CCBigImage */,
				E60DBBFF15D2EDE300441AFD /* CCLayerPanZoom */,
				E60DBC0115D2EDE300441AFD /* CCMenuAdvanced */,
				E60DBC0315D2EDE300441AFD /* CCMenuItemSpriteIndependent */,
				E60DBC0515D2EDE300441AFD /* CCScrollLayer */,
				E60DBC0715D2EDE300441AFD /* CCSendMessages */,
				E60DBC0915D2EDE300441AFD /* CCSlider */,
				E60DBC0B15D2EDE300441AFD /* CCVideoPlayer */,
				E60DBC1415D2EDE300441AFD /* FilesDownloader */,
				E60DBC1715D2EDE300441AFD /* TMXGenerator */,
			);
			path = "cocos2d-extensions-0.2.1";
			sourceTree = "<group>";
		};
		E60DBBFC15D2EDE300441AFD /* CCBigImage */ = {
			isa = PBXGroup;
			children = (
				E60DBBFD15D2EDE300441AFD /* CCBigImage.m */,
				E60DBBFE15D2EDE300441AFD /* CCTextureCache+CCBigImageExtensions.m */,
			);
			path = CCBigImage;
			sourceTree = "<group>";
		};
		E60DBBFF15D2EDE300441AFD /* CCLayerPanZoom */ = {
			isa = PBXGroup;
			children = (
				E60DBC0015D2EDE300441AFD /* CCLayerPanZoom.m */,
			);
			path = CCLayerPanZoom;
			sourceTree = "<group>";
		};
		E60DBC0115D2EDE300441AFD /* CCMenuAdvanced */ = {
			isa = PBXGroup;
			children = (
				E60DBC0215D2EDE300441AFD /* CCMenuAdvanced.m */,
			);
			path = CCMenuAdvanced;
			sourceTree = "<group>";
		};
		E60DBC0315D2EDE300441AFD /* CCMenuItemSpriteIndependent */ = {
			isa = PBXGroup;
			children = (
				E60DBC0415D2EDE300441AFD /* CCMenuItemSpriteIndependent.m */,
			);
			path = CCMenuItemSpriteIndependent;
			sourceTree = "<group>";
		};
		E60DBC0515D2EDE300441AFD /* CCScrollLayer */ = {
			isa = PBXGroup;
			children = (
				E60DBC0615D2EDE300441AFD /* CCScrollLayer.m */,
			);
			path = CCScrollLayer;
			sourceTree = "<group>";
		};
		E60DBC0715D2EDE300441AFD /* CCSendMessages */ = {
			isa = PBXGroup;
			children = (
				E60DBC0815D2EDE300441AFD /* CCSendMessages.m */,
			);
			path = CCSendMessages;
			sourceTree = "<group>";
		};
		E60DBC0915D2EDE300441AFD /* CCSlider */ = {
			isa = PBXGroup;
			children = (
				E60DBC0A15D2EDE300441AFD /* CCSlider.m */,
			);
			path = CCSlider;
			sourceTree = "<group>";
		};
		E60DBC0B15D2EDE300441AFD /* CCVideoPlayer */ = {
			isa = PBXGroup;
			children = (
				E60DBC0C15D2EDE300441AFD /* CCVideoPlayer.m */,
				E60DBC0D15D2EDE300441AFD /* iOS */,
				E60DBC1015D2EDE300441AFD /* Mac */,
			);
			path = CCVideoPlayer;
			sourceTree = "<group>";
		};
		E60DBC0D15D2EDE300441AFD /* iOS */ = {
			isa = PBXGroup;
			children = (
				E60DBC0E15D2EDE300441AFD /* CCVideoPlayerImpliOS.m */,
				E60DBC0F15D2EDE300441AFD /* videoOverlayView.m */,
			);
			path = iOS;
			sourceTree = "<group>";
		};
		E60DBC1015D2EDE300441AFD /* Mac */ = {
			isa = PBXGroup;
			children = (
				E60DBC1115D2EDE300441AFD /* CCVideoPlayerImplMac.m */,
				E60DBC1215D2EDE300441AFD /* CustomVideoView.nib */,
				E60DBC1315D2EDE300441AFD /* MyMovieView.m */,
			);
			path = Mac;
			sourceTree = "<group>";
		};
		E60DBC1415D2EDE300441AFD /* FilesDownloader */ = {
			isa = PBXGroup;
			children = (
				E60DBC1515D2EDE300441AFD /* FilesDownloader.m */,
				E60DBC1615D2EDE300441AFD /* SingleFileDownloader.m */,
			);
			path = FilesDownloader;
			sourceTree = "<group>";
		};
		E60DBC1715D2EDE300441AFD /* TMXGenerator */ = {
			isa = PBXGroup;
			children = (
				E60DBC1815D2EDE300441AFD /* cencode.c */,
				E60DBC1915D2EDE300441AFD /* LFCGzipUtility.m */,
				E60DBC1A15D2EDE300441AFD /* TMXGenerator.m */,
			);
			path = TMXGenerator;
			sourceTree = "<group>";
		};
		E60E6A8A14E144B6002902D2 = {
			isa = PBXGroup;
			children = (
				E6A7C8F615CFC53200ACC440 /* OpenGLES.framework */,
				E61D6B2A14E1660800CE9BEA /* CocosTools-Prefix.pch */,
				E61D6B2B14E1660800CE9BEA /* include */,
				E61D6B3614E1660800CE9BEA /* src */,
				E60E6AEF14E151E7002902D2 /* CoreGraphics.framework */,
				E60E6A9714E144B6002902D2 /* Frameworks */,
				E60E6A9614E144B6002902D2 /* Products */,
			);
			sourceTree = "<group>";
		};
		E60E6A9614E144B6002902D2 /* Products */ = {
			isa = PBXGroup;
			children = (
				E60E6A9514E144B6002902D2 /* libCocosTools.a */,
				E60E6AAC14E144F8002902D2 /* libCocosTools_script.a */,
			);
			name = Products;
			sourceTree = "<group>";
		};
		E60E6A9714E144B6002902D2 /* Frameworks */ = {
			isa = PBXGroup;
			children = (
				E60E6AF114E15237002902D2 /* CoreGraphics.framework */,
				E60E6A9814E144B6002902D2 /* Foundation.framework */,
			);
			name = Frameworks;
			sourceTree = "<group>";
		};
		E61D6B2B14E1660800CE9BEA /* include */ = {
			isa = PBXGroup;
			children = (
				E60DBBC015D2EDCD00441AFD /* cocos2d-extensions-0.2.1 */,
				E6A7C8E515CFC3D600ACC440 /* jpsarda extensions */,
				E6A7C8A015CFBB5200ACC440 /* TextBox */,
				E6A7C86115CFB59D00ACC440 /* CameraControl */,
				E648235D14FB931400F5B719 /* CCControl extension */,
				E6ACACF814E167D5004C063C /* CCSprite extensions */,
				E6ACACF714E167C3004C063C /* Loader Manager */,
				E6ACACF614E167B6004C063C /* Music Manager */,
				E6ACACF514E167A7004C063C /* Physics Manager */,
			);
			path = include;
			sourceTree = "<group>";
		};
		E61D6B3614E1660800CE9BEA /* src */ = {
			isa = PBXGroup;
			children = (
				E60DBBFB15D2EDE300441AFD /* cocos2d-extensions-0.2.1 */,
				E6A7C8E415CFC3B700ACC440 /* jpsarda extensions */,
				E6A7C8A115CFBB6500ACC440 /* TextBox */,
				E6A7C86715CFB5E300ACC440 /* CameraControl */,
				E648235E14FB934300F5B719 /* CCControl extension */,
				E6ACACF314E1678A004C063C /* CCSprite extensions */,
				E6ACACF414E16797004C063C /* Loader Manager */,
				E6ACACF214E16779004C063C /* Music Manager */,
				E6ACACF014E16769004C063C /* Physics Manager */,
			);
			path = src;
			sourceTree = "<group>";
		};
		E648234914FB92E700F5B719 /* CCControl */ = {
			isa = PBXGroup;
			children = (
				E648234A14FB92E700F5B719 /* CCControl.h */,
				E648234B14FB92E700F5B719 /* CCControlButton.h */,
				E648234C14FB92E700F5B719 /* CCControlColourPicker.h */,
				E648234D14FB92E700F5B719 /* CCControlHuePicker.h */,
				E648234E14FB92E700F5B719 /* CCControlSaturationBrightnessPicker.h */,
				E648234F14FB92E700F5B719 /* CCControlSlider.h */,
				E648235014FB92E700F5B719 /* Utils */,
			);
			path = CCControl;
			sourceTree = "<group>";
		};
		E648235014FB92E700F5B719 /* Utils */ = {
			isa = PBXGroup;
			children = (
				E648235114FB92E700F5B719 /* CCColourUtils.h */,
				E648235214FB92E700F5B719 /* CCScale9Sprite.h */,
				E648235314FB92E700F5B719 /* Utils.h */,
			);
			path = Utils;
			sourceTree = "<group>";
		};
		E648235D14FB931400F5B719 /* CCControl extension */ = {
			isa = PBXGroup;
			children = (
				E648234614FB92D600F5B719 /* CCControlExtension.h */,
				E648234914FB92E700F5B719 /* CCControl */,
			);
			name = "CCControl extension";
			sourceTree = "<group>";
		};
		E648235E14FB934300F5B719 /* CCControl extension */ = {
			isa = PBXGroup;
			children = (
				E648235F14FB936700F5B719 /* CCControl */,
			);
			name = "CCControl extension";
			sourceTree = "<group>";
		};
		E648235F14FB936700F5B719 /* CCControl */ = {
			isa = PBXGroup;
			children = (
				E648236014FB936700F5B719 /* CCControl.m */,
				E648236114FB936700F5B719 /* CCControlButton.m */,
				E648236214FB936700F5B719 /* CCControlColourPicker.m */,
				E648236314FB936700F5B719 /* CCControlHuePicker.m */,
				E648236414FB936700F5B719 /* CCControlSaturationBrightnessPicker.m */,
				E648236514FB936700F5B719 /* CCControlSlider.m */,
				E648236614FB936700F5B719 /* Utils */,
			);
			path = CCControl;
			sourceTree = "<group>";
		};
		E648236614FB936700F5B719 /* Utils */ = {
			isa = PBXGroup;
			children = (
				E648236714FB936700F5B719 /* CCColourUtils.m */,
				E648236814FB936700F5B719 /* CCScale9Sprite.m */,
				E648236914FB936700F5B719 /* Utils.m */,
			);
			path = Utils;
			sourceTree = "<group>";
		};
		E6A7C86115CFB59D00ACC440 /* CameraControl */ = {
			isa = PBXGroup;
			children = (
				E6A7C86A15CFB6AB00ACC440 /* CameraLayer.h */,
			);
			name = CameraControl;
			sourceTree = "<group>";
		};
		E6A7C86715CFB5E300ACC440 /* CameraControl */ = {
			isa = PBXGroup;
			children = (
				E6A7C8E215CFC2FB00ACC440 /* CameraLayer.m */,
			);
			name = CameraControl;
			sourceTree = "<group>";
		};
		E6A7C8A015CFBB5200ACC440 /* TextBox */ = {
			isa = PBXGroup;
			children = (
				E6A7C8DC15CFC13000ACC440 /* TextBox.h */,
				E6A7C8DD15CFC13000ACC440 /* TextBoxLayer.h */,
				E6A7C8DE15CFC13000ACC440 /* TextBoxView.h */,
			);
			name = TextBox;
			sourceTree = "<group>";
		};
		E6A7C8A115CFBB6500ACC440 /* TextBox */ = {
			isa = PBXGroup;
			children = (
				E6A7C8D815CFC11F00ACC440 /* TextBoxLayer.m */,
				E6A7C8D915CFC11F00ACC440 /* TextBoxView.m */,
			);
			name = TextBox;
			sourceTree = "<group>";
		};
		E6A7C8E415CFC3B700ACC440 /* jpsarda extensions */ = {
			isa = PBXGroup;
			children = (
				E6A7C8F115CFC40E00ACC440 /* CCProgressBar.m */,
				E6A7C8F215CFC40E00ACC440 /* CCSpriteHole.m */,
				E6A7C8A215CFBB9200ACC440 /* CCSpriteScale9.m */,
			);
			name = "jpsarda extensions";
			sourceTree = "<group>";
		};
		E6A7C8E515CFC3D600ACC440 /* jpsarda extensions */ = {
			isa = PBXGroup;
			children = (
				E6A7C8E715CFC3EC00ACC440 /* CCProgressBar.h */,
				E6A7C8E815CFC3EC00ACC440 /* CCSpriteHole.h */,
				E6A7C8E915CFC3EC00ACC440 /* CCSpriteScale9.h */,
				E6A7C8EA15CFC3EC00ACC440 /* Handy.h */,
			);
			name = "jpsarda extensions";
			sourceTree = "<group>";
		};
		E6ACACF014E16769004C063C /* Physics Manager */ = {
			isa = PBXGroup;
			children = (
				E61D6B3E14E1660800CE9BEA /* PhysicsSystem.mm */,
				E61D6B3F14E1660800CE9BEA /* WorldPhysics.mm */,
			);
			name = "Physics Manager";
			sourceTree = "<group>";
		};
		E6ACACF214E16779004C063C /* Music Manager */ = {
			isa = PBXGroup;
			children = (
				E61D6B3D14E1660800CE9BEA /* MusicManager.m */,
			);
			name = "Music Manager";
			sourceTree = "<group>";
		};
		E6ACACF314E1678A004C063C /* CCSprite extensions */ = {
			isa = PBXGroup;
			children = (
				E63AC75814FE261E0011B466 /* ColoredCircleSprite.m */,
				E63AC75914FE261E0011B466 /* ColoredSquareSprite.m */,
				E63AC75A14FE261E0011B466 /* SneakyButton.m */,
				E63AC75B14FE261E0011B466 /* SneakyButtonSkinnedBase.m */,
				E61D6B3814E1660800CE9BEA /* CCDraggableSprite.mm */,
				E61D6B3A14E1660800CE9BEA /* CCSpriteExtended.mm */,
				E61D6B3B14E1660800CE9BEA /* CCSpriteExtension.m */,
				E656ED7114E940E10022A75F /* CCBlade.mm */,
				E63D247914ECFB3C0051E34E /* UISprite.mm */,
			);
			name = "CCSprite extensions";
			sourceTree = "<group>";
		};
		E6ACACF414E16797004C063C /* Loader Manager */ = {
			isa = PBXGroup;
			children = (
				E61D6B3C14E1660800CE9BEA /* TestLoaderScene.mm */,
			);
			name = "Loader Manager";
			sourceTree = "<group>";
		};
		E6ACACF514E167A7004C063C /* Physics Manager */ = {
			isa = PBXGroup;
			children = (
				E61D6B3414E1660800CE9BEA /* PhysicsSystem.h */,
				E61D6B3514E1660800CE9BEA /* WorldPhysics.h */,
			);
			name = "Physics Manager";
			sourceTree = "<group>";
		};
		E6ACACF614E167B6004C063C /* Music Manager */ = {
			isa = PBXGroup;
			children = (
				E61D6B3314E1660800CE9BEA /* MusicManager.h */,
			);
			name = "Music Manager";
			sourceTree = "<group>";
		};
		E6ACACF714E167C3004C063C /* Loader Manager */ = {
			isa = PBXGroup;
			children = (
				E61D6B3214E1660800CE9BEA /* TestLoaderScene.h */,
			);
			name = "Loader Manager";
			sourceTree = "<group>";
		};
		E6ACACF814E167D5004C063C /* CCSprite extensions */ = {
			isa = PBXGroup;
			children = (
				E63AC74F14FE26010011B466 /* ColoredCircleSprite.h */,
				E63AC75014FE26010011B466 /* ColoredSquareSprite.h */,
				E63AC75114FE26010011B466 /* SneakyButton.h */,
				E63AC75214FE26010011B466 /* SneakyButtonSkinnedBase.h */,
				E61D6B2D14E1660800CE9BEA /* CCDraggableSprite.h */,
				E61D6B2F14E1660800CE9BEA /* CCSpriteExtended.h */,
				E61D6B3014E1660800CE9BEA /* CCSpriteExtensions.h */,
				E656ED6D14E9403F0022A75F /* CCBlade.h */,
				E63D247D14ECFBBB0051E34E /* UISprite.h */,
			);
			name = "CCSprite extensions";
			sourceTree = "<group>";
		};
/* End PBXGroup section */

/* Begin PBXHeadersBuildPhase section */
		E60E6A9314E144B6002902D2 /* Headers */ = {
			isa = PBXHeadersBuildPhase;
			buildActionMask = 2147483647;
			files = (
				E61D6B4014E1660800CE9BEA /* CocosTools-Prefix.pch in Headers */,
				E61D6B4214E1660800CE9BEA /* CCDraggableSprite.h in Headers */,
				E61D6B4414E1660800CE9BEA /* CCSpriteExtended.h in Headers */,
				E61D6B4514E1660800CE9BEA /* CCSpriteExtensions.h in Headers */,
				E61D6B4714E1660800CE9BEA /* TestLoaderScene.h in Headers */,
				E61D6B4814E1660800CE9BEA /* MusicManager.h in Headers */,
				E61D6B4914E1660800CE9BEA /* PhysicsSystem.h in Headers */,
				E61D6B4A14E1660800CE9BEA /* WorldPhysics.h in Headers */,
				E656ED6F14E9403F0022A75F /* CCBlade.h in Headers */,
				E63D247E14ECFBBB0051E34E /* UISprite.h in Headers */,
				E648234714FB92D600F5B719 /* CCControlExtension.h in Headers */,
				E648235414FB92E700F5B719 /* CCControl.h in Headers */,
				E648235514FB92E700F5B719 /* CCControlButton.h in Headers */,
				E648235614FB92E700F5B719 /* CCControlColourPicker.h in Headers */,
				E648235714FB92E700F5B719 /* CCControlHuePicker.h in Headers */,
				E648235814FB92E700F5B719 /* CCControlSaturationBrightnessPicker.h in Headers */,
				E648235914FB92E700F5B719 /* CCControlSlider.h in Headers */,
				E648235A14FB92E700F5B719 /* CCColourUtils.h in Headers */,
				E648235B14FB92E700F5B719 /* CCScale9Sprite.h in Headers */,
				E648235C14FB92E700F5B719 /* Utils.h in Headers */,
				E63AC75314FE26010011B466 /* ColoredCircleSprite.h in Headers */,
				E63AC75414FE26010011B466 /* ColoredSquareSprite.h in Headers */,
				E63AC75514FE26010011B466 /* SneakyButton.h in Headers */,
				E63AC75614FE26010011B466 /* SneakyButtonSkinnedBase.h in Headers */,
				E6A7C86B15CFB6AB00ACC440 /* CameraLayer.h in Headers */,
				E6A7C8DF15CFC13000ACC440 /* TextBox.h in Headers */,
				E6A7C8E015CFC13000ACC440 /* TextBoxLayer.h in Headers */,
				E6A7C8E115CFC13000ACC440 /* TextBoxView.h in Headers */,
				E6A7C8EC15CFC3EC00ACC440 /* CCProgressBar.h in Headers */,
				E6A7C8ED15CFC3EC00ACC440 /* CCSpriteHole.h in Headers */,
				E6A7C8EE15CFC3EC00ACC440 /* CCSpriteScale9.h in Headers */,
				E6A7C8EF15CFC3EC00ACC440 /* Handy.h in Headers */,
				E60DBBE915D2EDCD00441AFD /* CCBigImage.h in Headers */,
				E60DBBEA15D2EDCD00441AFD /* CCTextureCache+CCBigImageExtensions.h in Headers */,
				E60DBBEB15D2EDCD00441AFD /* CCLayerPanZoom.h in Headers */,
				E60DBBEC15D2EDCD00441AFD /* CCMenuAdvanced.h in Headers */,
				E60DBBED15D2EDCD00441AFD /* CCMenuItemSpriteIndependent.h in Headers */,
				E60DBBEE15D2EDCD00441AFD /* CCScrollLayer.h in Headers */,
				E60DBBEF15D2EDCD00441AFD /* CCSendMessages.h in Headers */,
				E60DBBF015D2EDCD00441AFD /* CCSlider.h in Headers */,
				E60DBBF115D2EDCD00441AFD /* CCVideoPlayer.h in Headers */,
				E60DBBF215D2EDCD00441AFD /* CCVideoPlayerImpliOS.h in Headers */,
				E60DBBF315D2EDCD00441AFD /* videoOverlayView.h in Headers */,
				E60DBBF415D2EDCD00441AFD /* CCVideoPlayerImplMac.h in Headers */,
				E60DBBF515D2EDCD00441AFD /* MyMovieView.h in Headers */,
				E60DBBF615D2EDCD00441AFD /* FilesDownloader.h in Headers */,
				E60DBBF715D2EDCD00441AFD /* SingleFileDownloader.h in Headers */,
				E60DBBF815D2EDCD00441AFD /* cencode.h in Headers */,
				E60DBBF915D2EDCD00441AFD /* LFCGzipUtility.h in Headers */,
				E60DBBFA15D2EDCD00441AFD /* TMXGenerator.h in Headers */,
			);
			runOnlyForDeploymentPostprocessing = 0;
		};
/* End PBXHeadersBuildPhase section */

/* Begin PBXNativeTarget section */
		E60E6A9414E144B6002902D2 /* CocosTools */ = {
			isa = PBXNativeTarget;
			buildConfigurationList = E60E6AA214E144B6002902D2 /* Build configuration list for PBXNativeTarget "CocosTools" */;
			buildPhases = (
				E60E6A9114E144B6002902D2 /* Sources */,
				E60E6A9214E144B6002902D2 /* Frameworks */,
				E60E6A9314E144B6002902D2 /* Headers */,
			);
			buildRules = (
			);
			dependencies = (
			);
			name = CocosTools;
			productName = CocosTools;
			productReference = E60E6A9514E144B6002902D2 /* libCocosTools.a */;
			productType = "com.apple.product-type.library.static";
		};
		E60E6AAB14E144F8002902D2 /* CocosTools_script */ = {
			isa = PBXNativeTarget;
			buildConfigurationList = E60E6AB414E144F8002902D2 /* Build configuration list for PBXNativeTarget "CocosTools_script" */;
			buildPhases = (
				E60E6AB714E14510002902D2 /* ShellScript */,
			);
			buildRules = (
			);
			dependencies = (
			);
			name = CocosTools_script;
			productName = CocosTools_script;
			productReference = E60E6AAC14E144F8002902D2 /* libCocosTools_script.a */;
			productType = "com.apple.product-type.library.static";
		};
/* End PBXNativeTarget section */

/* Begin PBXProject section */
		E60E6A8C14E144B6002902D2 /* Project object */ = {
			isa = PBXProject;
			attributes = {
				LastUpgradeCheck = 0430;
				ORGANIZATIONNAME = IGGS;
			};
			buildConfigurationList = E60E6A8F14E144B6002902D2 /* Build configuration list for PBXProject "CocosTools" */;
			compatibilityVersion = "Xcode 3.2";
			developmentRegion = English;
			hasScannedForEncodings = 0;
			knownRegions = (
				en,
			);
			mainGroup = E60E6A8A14E144B6002902D2;
			productRefGroup = E60E6A9614E144B6002902D2 /* Products */;
			projectDirPath = "";
			projectRoot = "";
			targets = (
				E60E6A9414E144B6002902D2 /* CocosTools */,
				E60E6AAB14E144F8002902D2 /* CocosTools_script */,
			);
		};
/* End PBXProject section */

/* Begin PBXShellScriptBuildPhase section */
		E60E6AB714E14510002902D2 /* ShellScript */ = {
			isa = PBXShellScriptBuildPhase;
			buildActionMask = 2147483647;
			files = (
			);
			inputPaths = (
			);
			outputPaths = (
			);
			runOnlyForDeploymentPostprocessing = 0;
			shellPath = /bin/sh;
			shellScript = "#!/bin/sh\n\nTARGET=\"CocosTools\"\n#undefine the following line if you want to move and properly unpack the .zip files into the destination folder specified with DEST_DIR\nSCRIPT_OPTIONS=\"MOVE_FILE\"\nDEST_DIR=\"${PROJECT_DIR}/../SharedLibs\"\n\nGIT_REVISION=$(git describe --tags `git rev-list --tags --max-count=1`)\nif [ ! -z $GIT_REVISION ]; then\nLIB_VERSION=\"-Tag-$GIT_REVISION\"\nelse\nLIB_VERSION=\"-unversioned\"\nfi\n\nLIBRARY_NAME=\"lib$TARGET.a\"\nLIBRARY_OUT_NAME_RELATIVE=\"lib$TARGET${LIB_VERSION}.a\"\nLIBRARY_OUT_NAME=\"lib/$LIBRARY_OUT_NAME_RELATIVE\"\nLATEST_SDK_DEVICE=$(xcodebuild -showsdks | grep iphoneos | awk 'BEGIN{FS=\"\\t\";}{print $3}' | cut -d ' ' -f 2 | tail -n 1)\nLATEST_SDK_SIMULATOR=$(xcodebuild -showsdks | grep iphonesimulator | awk 'BEGIN{FS=\"\\t\";}{print $3}' | cut -d ' ' -f 2 | tail -n 1)\n\nlocal_build_root=\"${PROJECT_DIR}/build\"\nbuild_styles=\"Debug Release\"\n\nfor current_style in $build_styles; do\nLIBRARY_ARCHIVE=\"$TARGET${LIB_VERSION}-${current_style}.zip\"\n\nif [ $current_style = \"Debug\" ]; then\nLIBRARY_ARCHIVE=\"$TARGET-${current_style}.zip\"\nelse\nLIBRARY_ARCHIVE=\"$TARGET.zip\"\nfi\n\n# remove existing output file\nrm -rf ${PROJECT_DIR}/lib\nmkdir -p ${PROJECT_DIR}/lib\n\n# Build library for simulator\nxcodebuild clean -target $TARGET -configuration $current_style -sdk $LATEST_SDK_SIMULATOR\nxcodebuild -target $TARGET -configuration $current_style -sdk $LATEST_SDK_SIMULATOR build\n\n# Build library for device\nxcodebuild clean -target $TARGET -configuration $current_style -sdk $LATEST_SDK_DEVICE\nxcodebuild -target $TARGET -configuration $current_style -sdk $LATEST_SDK_DEVICE build\n\n# Glue together libraries\nlipo \"${local_build_root}/${current_style}-iphoneos/$LIBRARY_NAME\" -arch i386 \"${local_build_root}/${current_style}-iphonesimulator/$LIBRARY_NAME\" -create -output \"${PROJECT_DIR}/$LIBRARY_OUT_NAME\"\n\n# Create symlink\ncd lib\nln -s \"$LIBRARY_OUT_NAME_RELATIVE\" \"$LIBRARY_NAME\"\ncd ..\n\nif [ $? -eq 0 ]; then\nzip -R -y \"${PROJECT_DIR}/$LIBRARY_ARCHIVE\" \"lib/*.a\"\nzip -r -y \"${PROJECT_DIR}/$LIBRARY_ARCHIVE\" \"resources\" \"include\" -x@zip_exclude.lst\n#zip \"${PROJECT_DIR}/$LIBRARY_ARCHIVE\" .packageid\nfi\n\nif [ $SCRIPT_OPTIONS = \"MOVE_FILE\" ]; then\nBUILT_ZIP=\"${PROJECT_DIR}/$LIBRARY_ARCHIVE\"\nNEW_ZIP=\"$DEST_DIR/$LIBRARY_ARCHIVE\"\n\nif [ $current_style = \"Debug\" ]; then\nOLD_FOLDER=\"$DEST_DIR/$TARGET-${current_style}\"\nelse  \nOLD_FOLDER=\"$DEST_DIR/$TARGET\"\nfi\nrm -rf $OLD_FOLDER\nmv $BUILT_ZIP $DEST_DIR/\nunzip -o $NEW_ZIP -d $OLD_FOLDER/\nrm -f $NEW_ZIP\nfi\n\ndone";
		};
/* End PBXShellScriptBuildPhase section */

/* Begin PBXSourcesBuildPhase section */
		E60E6A9114E144B6002902D2 /* Sources */ = {
			isa = PBXSourcesBuildPhase;
			buildActionMask = 2147483647;
			files = (
				E61D6B4C14E1660800CE9BEA /* CCDraggableSprite.mm in Sources */,
				E61D6B4E14E1660800CE9BEA /* CCSpriteExtended.mm in Sources */,
				E61D6B4F14E1660800CE9BEA /* CCSpriteExtension.m in Sources */,
				E61D6B5014E1660800CE9BEA /* TestLoaderScene.mm in Sources */,
				E61D6B5114E1660800CE9BEA /* MusicManager.m in Sources */,
				E61D6B5214E1660800CE9BEA /* PhysicsSystem.mm in Sources */,
				E61D6B5314E1660800CE9BEA /* WorldPhysics.mm in Sources */,
				E656ED7214E940E10022A75F /* CCBlade.mm in Sources */,
				E63D247B14ECFB3C0051E34E /* UISprite.mm in Sources */,
				E648236A14FB936700F5B719 /* CCControl.m in Sources */,
				E648236B14FB936700F5B719 /* CCControlButton.m in Sources */,
				E648236C14FB936700F5B719 /* CCControlColourPicker.m in Sources */,
				E648236D14FB936700F5B719 /* CCControlHuePicker.m in Sources */,
				E648236E14FB936700F5B719 /* CCControlSaturationBrightnessPicker.m in Sources */,
				E648236F14FB936700F5B719 /* CCControlSlider.m in Sources */,
				E648237014FB936700F5B719 /* CCColourUtils.m in Sources */,
				E648237114FB936700F5B719 /* CCScale9Sprite.m in Sources */,
				E648237214FB936700F5B719 /* Utils.m in Sources */,
				E63AC75C14FE261E0011B466 /* ColoredCircleSprite.m in Sources */,
				E63AC75D14FE261E0011B466 /* ColoredSquareSprite.m in Sources */,
				E63AC75E14FE261E0011B466 /* SneakyButton.m in Sources */,
				E63AC75F14FE261E0011B466 /* SneakyButtonSkinnedBase.m in Sources */,
				E6A7C8A315CFBB9200ACC440 /* CCSpriteScale9.m in Sources */,
				E6A7C8DA15CFC11F00ACC440 /* TextBoxLayer.m in Sources */,
				E6A7C8DB15CFC11F00ACC440 /* TextBoxView.m in Sources */,
				E6A7C8E315CFC2FB00ACC440 /* CameraLayer.m in Sources */,
				E6A7C8F415CFC40E00ACC440 /* CCProgressBar.m in Sources */,
				E6A7C8F515CFC40E00ACC440 /* CCSpriteHole.m in Sources */,
				E60DBC1B15D2EDE300441AFD /* CCBigImage.m in Sources */,
				E60DBC1C15D2EDE300441AFD /* CCTextureCache+CCBigImageExtensions.m in Sources */,
				E60DBC1D15D2EDE300441AFD /* CCLayerPanZoom.m in Sources */,
				E60DBC1E15D2EDE300441AFD /* CCMenuAdvanced.m in Sources */,
				E60DBC1F15D2EDE300441AFD /* CCMenuItemSpriteIndependent.m in Sources */,
				E60DBC2015D2EDE300441AFD /* CCScrollLayer.m in Sources */,
				E60DBC2115D2EDE300441AFD /* CCSendMessages.m in Sources */,
				E60DBC2215D2EDE300441AFD /* CCSlider.m in Sources */,
				E60DBC2315D2EDE300441AFD /* CCVideoPlayer.m in Sources */,
				E60DBC2415D2EDE300441AFD /* CCVideoPlayerImpliOS.m in Sources */,
				E60DBC2515D2EDE300441AFD /* videoOverlayView.m in Sources */,
				E60DBC2615D2EDE300441AFD /* CCVideoPlayerImplMac.m in Sources */,
				E60DBC2715D2EDE300441AFD /* MyMovieView.m in Sources */,
				E60DBC2815D2EDE300441AFD /* FilesDownloader.m in Sources */,
				E60DBC2915D2EDE300441AFD /* SingleFileDownloader.m in Sources */,
				E60DBC2A15D2EDE300441AFD /* cencode.c in Sources */,
				E60DBC2B15D2EDE300441AFD /* LFCGzipUtility.m in Sources */,
				E60DBC2C15D2EDE300441AFD /* TMXGenerator.m in Sources */,
			);
			runOnlyForDeploymentPostprocessing = 0;
		};
/* End PBXSourcesBuildPhase section */

/* Begin XCBuildConfiguration section */
		E60E6AA014E144B6002902D2 /* Debug */ = {
			isa = XCBuildConfiguration;
			buildSettings = {
				ALWAYS_SEARCH_USER_PATHS = NO;
				ARCHS = "$(ARCHS_STANDARD_32_BIT)";
				COPY_PHASE_STRIP = NO;
				GCC_C_LANGUAGE_STANDARD = gnu99;
				GCC_DYNAMIC_NO_PIC = NO;
				GCC_OPTIMIZATION_LEVEL = 0;
				GCC_PREPROCESSOR_DEFINITIONS = (
					"DEBUG=1",
					"$(inherited)",
				);
				GCC_SYMBOLS_PRIVATE_EXTERN = NO;
				GCC_THUMB_SUPPORT = NO;
				GCC_VERSION = com.apple.compilers.llvm.clang.1_0;
				GCC_WARN_ABOUT_RETURN_TYPE = YES;
				GCC_WARN_UNINITIALIZED_AUTOS = YES;
				GCC_WARN_UNUSED_VARIABLE = YES;
				IPHONEOS_DEPLOYMENT_TARGET = 5.1;
				SDKROOT = iphoneos;
			};
			name = Debug;
		};
		E60E6AA114E144B6002902D2 /* Release */ = {
			isa = XCBuildConfiguration;
			buildSettings = {
				ALWAYS_SEARCH_USER_PATHS = NO;
				ARCHS = "$(ARCHS_STANDARD_32_BIT)";
				COPY_PHASE_STRIP = YES;
				GCC_C_LANGUAGE_STANDARD = gnu99;
				GCC_THUMB_SUPPORT = NO;
				GCC_VERSION = com.apple.compilers.llvm.clang.1_0;
				GCC_WARN_ABOUT_RETURN_TYPE = YES;
				GCC_WARN_UNINITIALIZED_AUTOS = YES;
				GCC_WARN_UNUSED_VARIABLE = YES;
				IPHONEOS_DEPLOYMENT_TARGET = 5.1;
				SDKROOT = iphoneos;
				VALIDATE_PRODUCT = YES;
			};
			name = Release;
		};
		E60E6AA314E144B6002902D2 /* Debug */ = {
			isa = XCBuildConfiguration;
			buildSettings = {
				ARCHS = "$(ARCHS_STANDARD_32_BIT)";
				CLANG_ENABLE_OBJC_ARC = YES;
				CLANG_WARN_OBJCPP_ARC_ABI = NO;
				DSTROOT = /tmp/CocosTools.dst;
				GCC_PRECOMPILE_PREFIX_HEADER = YES;
				GCC_PREFIX_HEADER = "CocosTools-Prefix.pch";
				GCC_PREPROCESSOR_DEFINITIONS = (
					"DEBUG=1",
					"$(inherited)",
					"IPHONE_SDK_PROJECT=1",
				);
				GCC_THUMB_SUPPORT = NO;
				GCC_UNROLL_LOOPS = NO;
				HEADER_SEARCH_PATHS = (
					"../SharedLibs/Cocos-Debug/include/**",
					"../SharedLibs/Utilities-Debug/include/**",
				);
				IPHONEOS_DEPLOYMENT_TARGET = 5.0;
				OTHER_CFLAGS = (
					"-ObjC",
					"-all_load",
				);
				OTHER_LDFLAGS = "-ObjC";
				PRODUCT_NAME = "$(TARGET_NAME)";
				SKIP_INSTALL = YES;
				TARGETED_DEVICE_FAMILY = "1,2";
				USER_HEADER_SEARCH_PATHS = " ../SharedLibs/Facebook-Debug/include";
			};
			name = Debug;
		};
		E60E6AA414E144B6002902D2 /* Release */ = {
			isa = XCBuildConfiguration;
			buildSettings = {
				ARCHS = "$(ARCHS_STANDARD_32_BIT)";
				CLANG_ENABLE_OBJC_ARC = YES;
				CLANG_WARN_OBJCPP_ARC_ABI = NO;
				DSTROOT = /tmp/CocosTools.dst;
				GCC_PRECOMPILE_PREFIX_HEADER = YES;
				GCC_PREFIX_HEADER = "CocosTools-Prefix.pch";
				GCC_PREPROCESSOR_DEFINITIONS = "IPHONE_SDK_PROJECT=1";
				GCC_THUMB_SUPPORT = NO;
				GCC_UNROLL_LOOPS = YES;
				HEADER_SEARCH_PATHS = (
					"../SharedLibs/Cocos/include/**",
					"../SharedLibs/Utilities/include/**",
				);
				IPHONEOS_DEPLOYMENT_TARGET = 5.0;
				OTHER_CFLAGS = "";
				"OTHER_CFLAGS[arch=armv7]" = (
					"-ObjC",
					"-all_load",
					"-mthumb",
					"-mfpu=neon",
					"-ffast-math",
					"-ftree-vectorize",
					"-mfloat-abi=softfp",
					"-fsingle-precision-constant",
					"-DNS_BLOCK_ASSERTIONS=1",
					"-DRELEASE_VERSION",
				);
				"OTHER_CPLUSPLUSFLAGS[arch=armv7]" = "$(OTHER_CFLAGS)";
				OTHER_LDFLAGS = "-ObjC";
				PRODUCT_NAME = "$(TARGET_NAME)";
				SKIP_INSTALL = YES;
				STRIP_INSTALLED_PRODUCT = YES;
				TARGETED_DEVICE_FAMILY = "1,2";
				USER_HEADER_SEARCH_PATHS = ../SharedLibs/Facebook/include;
			};
			name = Release;
		};
		E60E6AB514E144F8002902D2 /* Debug */ = {
			isa = XCBuildConfiguration;
			buildSettings = {
				ALWAYS_SEARCH_USER_PATHS = NO;
				DSTROOT = /tmp/CocosTools_script.dst;
				GCC_PRECOMPILE_PREFIX_HEADER = YES;
				GCC_PREFIX_HEADER = "CocosTools_script/CocosTools_script-Prefix.pch";
				GCC_THUMB_SUPPORT = NO;
				GCC_VERSION = "";
				IPHONEOS_DEPLOYMENT_TARGET = 5.0;
				OTHER_LDFLAGS = "-ObjC";
				PRODUCT_NAME = "$(TARGET_NAME)";
				SKIP_INSTALL = YES;
			};
			name = Debug;
		};
		E60E6AB614E144F8002902D2 /* Release */ = {
			isa = XCBuildConfiguration;
			buildSettings = {
				ALWAYS_SEARCH_USER_PATHS = NO;
				DSTROOT = /tmp/CocosTools_script.dst;
				GCC_PRECOMPILE_PREFIX_HEADER = YES;
				GCC_PREFIX_HEADER = "CocosTools_script/CocosTools_script-Prefix.pch";
				GCC_THUMB_SUPPORT = NO;
				GCC_VERSION = "";
				IPHONEOS_DEPLOYMENT_TARGET = 5.0;
				OTHER_LDFLAGS = "-ObjC";
				PRODUCT_NAME = "$(TARGET_NAME)";
				SKIP_INSTALL = YES;
				USER_HEADER_SEARCH_PATHS = "";
			};
			name = Release;
		};
/* End XCBuildConfiguration section */

/* Begin XCConfigurationList section */
		E60E6A8F14E144B6002902D2 /* Build configuration list for PBXProject "CocosTools" */ = {
			isa = XCConfigurationList;
			buildConfigurations = (
				E60E6AA014E144B6002902D2 /* Debug */,
				E60E6AA114E144B6002902D2 /* Release */,
			);
			defaultConfigurationIsVisible = 0;
			defaultConfigurationName = Release;
		};
		E60E6AA214E144B6002902D2 /* Build configuration list for PBXNativeTarget "CocosTools" */ = {
			isa = XCConfigurationList;
			buildConfigurations = (
				E60E6AA314E144B6002902D2 /* Debug */,
				E60E6AA414E144B6002902D2 /* Release */,
			);
			defaultConfigurationIsVisible = 0;
			defaultConfigurationName = Release;
		};
		E60E6AB414E144F8002902D2 /* Build configuration list for PBXNativeTarget "CocosTools_script" */ = {
			isa = XCConfigurationList;
			buildConfigurations = (
				E60E6AB514E144F8002902D2 /* Debug */,
				E60E6AB614E144F8002902D2 /* Release */,
			);
			defaultConfigurationIsVisible = 0;
			defaultConfigurationName = Release;
		};
/* End XCConfigurationList section */
	};
	rootObject = E60E6A8C14E144B6002902D2 /* Project object */;
}
